
Microsoft Visual Studio Solution File, Format Version 12.00
# Visual Studio Version 18
VisualStudioVersion = 18.0.11201.2
MinimumVisualStudioVersion = 10.0.40219.1
Project("{2150E333-8FDC-42A3-9474-1A3956D46DE8}") = "C#", "C#", "{E758FA0B-CCDC-4E8F-A7E7-7D2913ED2DAF}"
	ProjectSection(SolutionItems) = preProject
		CSharp\README.md = CSharp\README.md
	EndProjectSection
EndProject
Project("{2150E333-8FDC-42A3-9474-1A3956D46DE8}") = "C# 14", "C# 14", "{E15E2386-67FA-4FF7-AA60-5E09CE7F74DA}"
	ProjectSection(SolutionItems) = preProject
		CSharp\CS14\README.md = CSharp\CS14\README.md
	EndProjectSection
EndProject
Project("{FAE04EC0-301F-11D3-BF4B-00C04F79EFBC}") = "NullConditionalAssignment", "CSharp\CS14\Null-conditional assignment\NullConditionalAssignment.csproj", "{70DA5637-4A69-442F-A67B-259ECB406B21}"
EndProject
Project("{FAE04EC0-301F-11D3-BF4B-00C04F79EFBC}") = "FieldKeyword", "CSharp\CS14\Field keyword\FieldKeyword.csproj", "{CDB8C6A2-B802-4A18-B603-76FBF8B6712C}"
EndProject
Project("{FAE04EC0-301F-11D3-BF4B-00C04F79EFBC}") = "ExtensionMembers", "CSharp\CS14\Extension members\ExtensionMembers.csproj", "{C631ED66-BBD1-4F5B-BC7E-525343BB20F3}"
EndProject
Project("{FAE04EC0-301F-11D3-BF4B-00C04F79EFBC}") = "NameofUnboundGenericTypes", "CSharp\CS14\Nameof unbound generic types\NameofUnboundGenericTypes.csproj", "{48026DFD-AA02-469E-8A84-90C7AFAC3A13}"
EndProject
Project("{FAE04EC0-301F-11D3-BF4B-00C04F79EFBC}") = "ImplicitSpanConversions", "CSharp\CS14\Implicit span conversions\ImplicitSpanConversions.csproj", "{F91DC92E-F462-4439-9183-AFC138F734FE}"
EndProject
Project("{FAE04EC0-301F-11D3-BF4B-00C04F79EFBC}") = "UserDefinedCompoundAssignment", "CSharp\CS14\User defined compound assignment\UserDefinedCompoundAssignment.csproj", "{866077E2-511D-47CA-84B8-05471F2097D8}"
EndProject
Project("{FAE04EC0-301F-11D3-BF4B-00C04F79EFBC}") = "LambdaParametersWithModifiers", "CSharp\CS14\Lambda parameters with modifiers\LambdaParametersWithModifiers.csproj", "{3A489713-A2E5-4535-8661-8367B63B879D}"
EndProject
Project("{FAE04EC0-301F-11D3-BF4B-00C04F79EFBC}") = "PartialMembers", "CSharp\CS14\Partial members\PartialMembers.csproj", "{390BA5D7-A909-4B08-A22C-264C07C1B5F5}"
EndProject
Project("{2150E333-8FDC-42A3-9474-1A3956D46DE8}") = "C# 11", "C# 11", "{4EB146F2-F247-4979-B2D6-84D03B01C314}"
	ProjectSection(SolutionItems) = preProject
		CSharp\CS11\README.md = CSharp\CS11\README.md
	EndProjectSection
EndProject
Project("{FAE04EC0-301F-11D3-BF4B-00C04F79EFBC}") = "NewlinesInStringInterpolations", "CSharp\CS11\Newlines in string interpolations\NewlinesInStringInterpolations.csproj", "{E9E3CA53-744D-4E37-BA18-23DF1F1CD866}"
EndProject
Project("{FAE04EC0-301F-11D3-BF4B-00C04F79EFBC}") = "RawStringLiterals", "CSharp\CS11\Raw string literals\RawStringLiterals.csproj", "{D58F2B09-629C-47F8-A687-0306B528E4B2}"
EndProject
Project("{FAE04EC0-301F-11D3-BF4B-00C04F79EFBC}") = "ListPatterns", "CSharp\CS11\List patterns\ListPatterns.csproj", "{BAC2E0F4-171A-413E-A421-A0B9D367F4DB}"
EndProject
Project("{FAE04EC0-301F-11D3-BF4B-00C04F79EFBC}") = "AutoDefaultStruct", "CSharp\CS11\Auto-default struct\AutoDefaultStruct.csproj", "{A526F4CA-1B5C-4BE4-ACF9-ECDDA7EFE667}"
EndProject
Project("{FAE04EC0-301F-11D3-BF4B-00C04F79EFBC}") = "SpanPatternMatch", "CSharp\CS11\Pattern match Span\SpanPatternMatch.csproj", "{D25BC130-ECEE-E756-EAD4-F715051C9923}"
EndProject
Project("{FAE04EC0-301F-11D3-BF4B-00C04F79EFBC}") = "UTF8StringLiterals", "CSharp\CS11\UTF-8 string literals\UTF8StringLiterals.csproj", "{7FA78686-82AC-4F02-A763-411ABAEDEA91}"
EndProject
Global
	GlobalSection(SolutionConfigurationPlatforms) = preSolution
		Debug|Any CPU = Debug|Any CPU
		Release|Any CPU = Release|Any CPU
	EndGlobalSection
	GlobalSection(ProjectConfigurationPlatforms) = postSolution
		{70DA5637-4A69-442F-A67B-259ECB406B21}.Debug|Any CPU.ActiveCfg = Debug|Any CPU
		{70DA5637-4A69-442F-A67B-259ECB406B21}.Debug|Any CPU.Build.0 = Debug|Any CPU
		{70DA5637-4A69-442F-A67B-259ECB406B21}.Release|Any CPU.ActiveCfg = Release|Any CPU
		{70DA5637-4A69-442F-A67B-259ECB406B21}.Release|Any CPU.Build.0 = Release|Any CPU
		{CDB8C6A2-B802-4A18-B603-76FBF8B6712C}.Debug|Any CPU.ActiveCfg = Debug|Any CPU
		{CDB8C6A2-B802-4A18-B603-76FBF8B6712C}.Debug|Any CPU.Build.0 = Debug|Any CPU
		{CDB8C6A2-B802-4A18-B603-76FBF8B6712C}.Release|Any CPU.ActiveCfg = Release|Any CPU
		{CDB8C6A2-B802-4A18-B603-76FBF8B6712C}.Release|Any CPU.Build.0 = Release|Any CPU
		{C631ED66-BBD1-4F5B-BC7E-525343BB20F3}.Debug|Any CPU.ActiveCfg = Debug|Any CPU
		{C631ED66-BBD1-4F5B-BC7E-525343BB20F3}.Debug|Any CPU.Build.0 = Debug|Any CPU
		{C631ED66-BBD1-4F5B-BC7E-525343BB20F3}.Release|Any CPU.ActiveCfg = Release|Any CPU
		{C631ED66-BBD1-4F5B-BC7E-525343BB20F3}.Release|Any CPU.Build.0 = Release|Any CPU
		{48026DFD-AA02-469E-8A84-90C7AFAC3A13}.Debug|Any CPU.ActiveCfg = Debug|Any CPU
		{48026DFD-AA02-469E-8A84-90C7AFAC3A13}.Debug|Any CPU.Build.0 = Debug|Any CPU
		{48026DFD-AA02-469E-8A84-90C7AFAC3A13}.Release|Any CPU.ActiveCfg = Release|Any CPU
		{48026DFD-AA02-469E-8A84-90C7AFAC3A13}.Release|Any CPU.Build.0 = Release|Any CPU
		{F91DC92E-F462-4439-9183-AFC138F734FE}.Debug|Any CPU.ActiveCfg = Debug|Any CPU
		{F91DC92E-F462-4439-9183-AFC138F734FE}.Debug|Any CPU.Build.0 = Debug|Any CPU
		{F91DC92E-F462-4439-9183-AFC138F734FE}.Release|Any CPU.ActiveCfg = Release|Any CPU
		{F91DC92E-F462-4439-9183-AFC138F734FE}.Release|Any CPU.Build.0 = Release|Any CPU
		{866077E2-511D-47CA-84B8-05471F2097D8}.Debug|Any CPU.ActiveCfg = Debug|Any CPU
		{866077E2-511D-47CA-84B8-05471F2097D8}.Debug|Any CPU.Build.0 = Debug|Any CPU
		{866077E2-511D-47CA-84B8-05471F2097D8}.Release|Any CPU.ActiveCfg = Release|Any CPU
		{866077E2-511D-47CA-84B8-05471F2097D8}.Release|Any CPU.Build.0 = Release|Any CPU
		{3A489713-A2E5-4535-8661-8367B63B879D}.Debug|Any CPU.ActiveCfg = Debug|Any CPU
		{3A489713-A2E5-4535-8661-8367B63B879D}.Debug|Any CPU.Build.0 = Debug|Any CPU
		{3A489713-A2E5-4535-8661-8367B63B879D}.Release|Any CPU.ActiveCfg = Release|Any CPU
		{3A489713-A2E5-4535-8661-8367B63B879D}.Release|Any CPU.Build.0 = Release|Any CPU
		{390BA5D7-A909-4B08-A22C-264C07C1B5F5}.Debug|Any CPU.ActiveCfg = Debug|Any CPU
		{390BA5D7-A909-4B08-A22C-264C07C1B5F5}.Debug|Any CPU.Build.0 = Debug|Any CPU
		{390BA5D7-A909-4B08-A22C-264C07C1B5F5}.Release|Any CPU.ActiveCfg = Release|Any CPU
		{390BA5D7-A909-4B08-A22C-264C07C1B5F5}.Release|Any CPU.Build.0 = Release|Any CPU
		{E9E3CA53-744D-4E37-BA18-23DF1F1CD866}.Debug|Any CPU.ActiveCfg = Debug|Any CPU
		{E9E3CA53-744D-4E37-BA18-23DF1F1CD866}.Debug|Any CPU.Build.0 = Debug|Any CPU
		{E9E3CA53-744D-4E37-BA18-23DF1F1CD866}.Release|Any CPU.ActiveCfg = Release|Any CPU
		{E9E3CA53-744D-4E37-BA18-23DF1F1CD866}.Release|Any CPU.Build.0 = Release|Any CPU
		{D58F2B09-629C-47F8-A687-0306B528E4B2}.Debug|Any CPU.ActiveCfg = Debug|Any CPU
		{D58F2B09-629C-47F8-A687-0306B528E4B2}.Debug|Any CPU.Build.0 = Debug|Any CPU
		{D58F2B09-629C-47F8-A687-0306B528E4B2}.Release|Any CPU.ActiveCfg = Release|Any CPU
		{D58F2B09-629C-47F8-A687-0306B528E4B2}.Release|Any CPU.Build.0 = Release|Any CPU
		{BAC2E0F4-171A-413E-A421-A0B9D367F4DB}.Debug|Any CPU.ActiveCfg = Debug|Any CPU
		{BAC2E0F4-171A-413E-A421-A0B9D367F4DB}.Debug|Any CPU.Build.0 = Debug|Any CPU
		{BAC2E0F4-171A-413E-A421-A0B9D367F4DB}.Release|Any CPU.ActiveCfg = Release|Any CPU
		{BAC2E0F4-171A-413E-A421-A0B9D367F4DB}.Release|Any CPU.Build.0 = Release|Any CPU
		{A526F4CA-1B5C-4BE4-ACF9-ECDDA7EFE667}.Debug|Any CPU.ActiveCfg = Debug|Any CPU
		{A526F4CA-1B5C-4BE4-ACF9-ECDDA7EFE667}.Debug|Any CPU.Build.0 = Debug|Any CPU
		{A526F4CA-1B5C-4BE4-ACF9-ECDDA7EFE667}.Release|Any CPU.ActiveCfg = Release|Any CPU
		{A526F4CA-1B5C-4BE4-ACF9-ECDDA7EFE667}.Release|Any CPU.Build.0 = Release|Any CPU
		{D25BC130-ECEE-E756-EAD4-F715051C9923}.Debug|Any CPU.ActiveCfg = Debug|Any CPU
		{D25BC130-ECEE-E756-EAD4-F715051C9923}.Debug|Any CPU.Build.0 = Debug|Any CPU
		{D25BC130-ECEE-E756-EAD4-F715051C9923}.Release|Any CPU.ActiveCfg = Release|Any CPU
		{D25BC130-ECEE-E756-EAD4-F715051C9923}.Release|Any CPU.Build.0 = Release|Any CPU
		{7FA78686-82AC-4F02-A763-411ABAEDEA91}.Debug|Any CPU.ActiveCfg = Debug|Any CPU
		{7FA78686-82AC-4F02-A763-411ABAEDEA91}.Debug|Any CPU.Build.0 = Debug|Any CPU
		{7FA78686-82AC-4F02-A763-411ABAEDEA91}.Release|Any CPU.ActiveCfg = Release|Any CPU
		{7FA78686-82AC-4F02-A763-411ABAEDEA91}.Release|Any CPU.Build.0 = Release|Any CPU
	EndGlobalSection
	GlobalSection(SolutionProperties) = preSolution
		HideSolutionNode = FALSE
	EndGlobalSection
	GlobalSection(NestedProjects) = preSolution
		{E15E2386-67FA-4FF7-AA60-5E09CE7F74DA} = {E758FA0B-CCDC-4E8F-A7E7-7D2913ED2DAF}
		{70DA5637-4A69-442F-A67B-259ECB406B21} = {E15E2386-67FA-4FF7-AA60-5E09CE7F74DA}
		{CDB8C6A2-B802-4A18-B603-76FBF8B6712C} = {E15E2386-67FA-4FF7-AA60-5E09CE7F74DA}
		{C631ED66-BBD1-4F5B-BC7E-525343BB20F3} = {E15E2386-67FA-4FF7-AA60-5E09CE7F74DA}
		{48026DFD-AA02-469E-8A84-90C7AFAC3A13} = {E15E2386-67FA-4FF7-AA60-5E09CE7F74DA}
		{F91DC92E-F462-4439-9183-AFC138F734FE} = {E15E2386-67FA-4FF7-AA60-5E09CE7F74DA}
		{866077E2-511D-47CA-84B8-05471F2097D8} = {E15E2386-67FA-4FF7-AA60-5E09CE7F74DA}
		{3A489713-A2E5-4535-8661-8367B63B879D} = {E15E2386-67FA-4FF7-AA60-5E09CE7F74DA}
		{390BA5D7-A909-4B08-A22C-264C07C1B5F5} = {E15E2386-67FA-4FF7-AA60-5E09CE7F74DA}
		{4EB146F2-F247-4979-B2D6-84D03B01C314} = {E758FA0B-CCDC-4E8F-A7E7-7D2913ED2DAF}
		{E9E3CA53-744D-4E37-BA18-23DF1F1CD866} = {4EB146F2-F247-4979-B2D6-84D03B01C314}
		{D58F2B09-629C-47F8-A687-0306B528E4B2} = {4EB146F2-F247-4979-B2D6-84D03B01C314}
		{BAC2E0F4-171A-413E-A421-A0B9D367F4DB} = {4EB146F2-F247-4979-B2D6-84D03B01C314}
		{A526F4CA-1B5C-4BE4-ACF9-ECDDA7EFE667} = {4EB146F2-F247-4979-B2D6-84D03B01C314}
		{D25BC130-ECEE-E756-EAD4-F715051C9923} = {4EB146F2-F247-4979-B2D6-84D03B01C314}
		{7FA78686-82AC-4F02-A763-411ABAEDEA91} = {4EB146F2-F247-4979-B2D6-84D03B01C314}
	EndGlobalSection
	GlobalSection(ExtensibilityGlobals) = postSolution
		SolutionGuid = {05F434E4-DDBB-4CA8-9D3F-2CF5A3D8CB2B}
	EndGlobalSection
EndGlobal
